lockfileVersion: '9.0'

settings:
  autoInstallPeers: true
  excludeLinksFromLockfile: false

importers:

  .:
    dependencies:
      '@babel/core':
        specifier: 7.28.0
        version: 7.28.0
      '@babel/plugin-syntax-top-level-await':
        specifier: 7.14.5
        version: 7.14.5(@babel/core@7.28.0)
      '@babel/preset-typescript':
        specifier: 7.27.1
        version: 7.27.1(@babel/core@7.28.0)
      discord.js:
        specifier: ^14.21.0
        version: 14.21.0
      dotenv:
        specifier: ^17.2.1
        version: 17.2.1
      unsplash-js:
        specifier: ^7.0.19
        version: 7.0.19
    devDependencies:
      '@types/babel__core':
        specifier: ^7.20.5
        version: 7.20.5
      '@types/mysql':
        specifier: ^2.15.27
        version: 2.15.27
      '@types/node':
        specifier: ^24.2.1
        version: 24.2.1
      typescript:
        specifier: ^5.9.2
        version: 5.9.2

packages:

  '@ampproject/remapping@2.3.0':
    resolution: {integrity: sha512-30iZtAPgz+LTIYoeivqYo853f02jBYSd5uGnGpkFV0M3xOt9aN73erkgYAmZU43x4VfqcnLxW9Kpg3R5LC4YYw==}
    engines: {node: '>=6.0.0'}

  '@babel/code-frame@7.27.1':
    resolution: {integrity: sha512-cjQ7ZlQ0Mv3b47hABuTevyTuYN4i+loJKGeV9flcCgIK37cCXRh+L1bd3iBHlynerhQ7BhCkn2BPbQUL+rGqFg==}
    engines: {node: '>=6.9.0'}

  '@babel/compat-data@7.28.0':
    resolution: {integrity: sha512-60X7qkglvrap8mn1lh2ebxXdZYtUcpd7gsmy9kLaBJ4i/WdY8PqTSdxyA8qraikqKQK5C1KRBKXqznrVapyNaw==}
    engines: {node: '>=6.9.0'}

  '@babel/core@7.28.0':
    resolution: {integrity: sha512-UlLAnTPrFdNGoFtbSXwcGFQBtQZJCNjaN6hQNP3UPvuNXT1i82N26KL3dZeIpNalWywr9IuQuncaAfUaS1g6sQ==}
    engines: {node: '>=6.9.0'}

  '@babel/generator@7.28.0':
    resolution: {integrity: sha512-lJjzvrbEeWrhB4P3QBsH7tey117PjLZnDbLiQEKjQ/fNJTjuq4HSqgFA+UNSwZT8D7dxxbnuSBMsa1lrWzKlQg==}
    engines: {node: '>=6.9.0'}

  '@babel/helper-annotate-as-pure@7.27.3':
    resolution: {integrity: sha512-fXSwMQqitTGeHLBC08Eq5yXz2m37E4pJX1qAU1+2cNedz/ifv/bVXft90VeSav5nFO61EcNgwr0aJxbyPaWBPg==}
    engines: {node: '>=6.9.0'}

  '@babel/helper-compilation-targets@7.27.2':
    resolution: {integrity: sha512-2+1thGUUWWjLTYTHZWK1n8Yga0ijBz1XAhUXcKy81rd5g6yh7hGqMp45v7cadSbEHc9G3OTv45SyneRN3ps4DQ==}
    engines: {node: '>=6.9.0'}

  '@babel/helper-create-class-features-plugin@7.27.1':
    resolution: {integrity: sha512-QwGAmuvM17btKU5VqXfb+Giw4JcN0hjuufz3DYnpeVDvZLAObloM77bhMXiqry3Iio+Ai4phVRDwl6WU10+r5A==}
    engines: {node: '>=6.9.0'}
    peerDependencies:
      '@babel/core': ^7.0.0

  '@babel/helper-globals@7.28.0':
    resolution: {integrity: sha512-+W6cISkXFa1jXsDEdYA8HeevQT/FULhxzR99pxphltZcVaugps53THCeiWA8SguxxpSp3gKPiuYfSWopkLQ4hw==}
    engines: {node: '>=6.9.0'}

  '@babel/helper-member-expression-to-functions@7.27.1':
    resolution: {integrity: sha512-E5chM8eWjTp/aNoVpcbfM7mLxu9XGLWYise2eBKGQomAk/Mb4XoxyqXTZbuTohbsl8EKqdlMhnDI2CCLfcs9wA==}
    engines: {node: '>=6.9.0'}

  '@babel/helper-module-imports@7.27.1':
    resolution: {integrity: sha512-0gSFWUPNXNopqtIPQvlD5WgXYI5GY2kP2cCvoT8kczjbfcfuIljTbcWrulD1CIPIX2gt1wghbDy08yE1p+/r3w==}
    engines: {node: '>=6.9.0'}

  '@babel/helper-module-transforms@7.27.3':
    resolution: {integrity: sha512-dSOvYwvyLsWBeIRyOeHXp5vPj5l1I011r52FM1+r1jCERv+aFXYk4whgQccYEGYxK2H3ZAIA8nuPkQ0HaUo3qg==}
    engines: {node: '>=6.9.0'}
    peerDependencies:
      '@babel/core': ^7.0.0

  '@babel/helper-optimise-call-expression@7.27.1':
    resolution: {integrity: sha512-URMGH08NzYFhubNSGJrpUEphGKQwMQYBySzat5cAByY1/YgIRkULnIy3tAMeszlL/so2HbeilYloUmSpd7GdVw==}
    engines: {node: '>=6.9.0'}

  '@babel/helper-plugin-utils@7.27.1':
    resolution: {integrity: sha512-1gn1Up5YXka3YYAHGKpbideQ5Yjf1tDa9qYcgysz+cNCXukyLl6DjPXhD3VRwSb8c0J9tA4b2+rHEZtc6R0tlw==}
    engines: {node: '>=6.9.0'}

  '@babel/helper-replace-supers@7.27.1':
    resolution: {integrity: sha512-7EHz6qDZc8RYS5ElPoShMheWvEgERonFCs7IAonWLLUTXW59DP14bCZt89/GKyreYn8g3S83m21FelHKbeDCKA==}
    engines: {node: '>=6.9.0'}
    peerDependencies:
      '@babel/core': ^7.0.0

  '@babel/helper-skip-transparent-expression-wrappers@7.27.1':
    resolution: {integrity: sha512-Tub4ZKEXqbPjXgWLl2+3JpQAYBJ8+ikpQ2Ocj/q/r0LwE3UhENh7EUabyHjz2kCEsrRY83ew2DQdHluuiDQFzg==}
    engines: {node: '>=6.9.0'}

  '@babel/helper-string-parser@7.27.1':
    resolution: {integrity: sha512-qMlSxKbpRlAridDExk92nSobyDdpPijUq2DW6oDnUqd0iOGxmQjyqhMIihI9+zv4LPyZdRje2cavWPbCbWm3eA==}
    engines: {node: '>=6.9.0'}

  '@babel/helper-validator-identifier@7.27.1':
    resolution: {integrity: sha512-D2hP9eA+Sqx1kBZgzxZh0y1trbuU+JoDkiEwqhQ36nodYqJwyEIhPSdMNd7lOm/4io72luTPWH20Yda0xOuUow==}
    engines: {node: '>=6.9.0'}

  '@babel/helper-validator-option@7.27.1':
    resolution: {integrity: sha512-YvjJow9FxbhFFKDSuFnVCe2WxXk1zWc22fFePVNEaWJEu8IrZVlda6N0uHwzZrUM1il7NC9Mlp4MaJYbYd9JSg==}
    engines: {node: '>=6.9.0'}

  '@babel/helpers@7.28.2':
    resolution: {integrity: sha512-/V9771t+EgXz62aCcyofnQhGM8DQACbRhvzKFsXKC9QM+5MadF8ZmIm0crDMaz3+o0h0zXfJnd4EhbYbxsrcFw==}
    engines: {node: '>=6.9.0'}

  '@babel/parser@7.28.0':
    resolution: {integrity: sha512-jVZGvOxOuNSsuQuLRTh13nU0AogFlw32w/MT+LV6D3sP5WdbW61E77RnkbaO2dUvmPAYrBDJXGn5gGS6tH4j8g==}
    engines: {node: '>=6.0.0'}
    hasBin: true

  '@babel/plugin-syntax-jsx@7.27.1':
    resolution: {integrity: sha512-y8YTNIeKoyhGd9O0Jiyzyyqk8gdjnumGTQPsz0xOZOQ2RmkVJeZ1vmmfIvFEKqucBG6axJGBZDE/7iI5suUI/w==}
    engines: {node: '>=6.9.0'}
    peerDependencies:
      '@babel/core': ^7.0.0-0

  '@babel/plugin-syntax-top-level-await@7.14.5':
    resolution: {integrity: sha512-hx++upLv5U1rgYfwe1xBQUhRmU41NEvpUvrp8jkrSCdvGSnM5/qdRMtylJ6PG5OFkBaHkbTAKTnd3/YyESRHFw==}
    engines: {node: '>=6.9.0'}
    peerDependencies:
      '@babel/core': ^7.0.0-0

  '@babel/plugin-syntax-typescript@7.27.1':
    resolution: {integrity: sha512-xfYCBMxveHrRMnAWl1ZlPXOZjzkN82THFvLhQhFXFt81Z5HnN+EtUkZhv/zcKpmT3fzmWZB0ywiBrbC3vogbwQ==}
    engines: {node: '>=6.9.0'}
    peerDependencies:
      '@babel/core': ^7.0.0-0

  '@babel/plugin-transform-modules-commonjs@7.27.1':
    resolution: {integrity: sha512-OJguuwlTYlN0gBZFRPqwOGNWssZjfIUdS7HMYtN8c1KmwpwHFBwTeFZrg9XZa+DFTitWOW5iTAG7tyCUPsCCyw==}
    engines: {node: '>=6.9.0'}
    peerDependencies:
      '@babel/core': ^7.0.0-0

  '@babel/plugin-transform-typescript@7.28.0':
    resolution: {integrity: sha512-4AEiDEBPIZvLQaWlc9liCavE0xRM0dNca41WtBeM3jgFptfUOSG9z0uteLhq6+3rq+WB6jIvUwKDTpXEHPJ2Vg==}
    engines: {node: '>=6.9.0'}
    peerDependencies:
      '@babel/core': ^7.0.0-0

  '@babel/preset-typescript@7.27.1':
    resolution: {integrity: sha512-l7WfQfX0WK4M0v2RudjuQK4u99BS6yLHYEmdtVPP7lKV013zr9DygFuWNlnbvQ9LR+LS0Egz/XAvGx5U9MX0fQ==}
    engines: {node: '>=6.9.0'}
    peerDependencies:
      '@babel/core': ^7.0.0-0

  '@babel/template@7.27.2':
    resolution: {integrity: sha512-LPDZ85aEJyYSd18/DkjNh4/y1ntkE5KwUHWTiqgRxruuZL2F1yuHligVHLvcHY2vMHXttKFpJn6LwfI7cw7ODw==}
    engines: {node: '>=6.9.0'}

  '@babel/traverse@7.28.0':
    resolution: {integrity: sha512-mGe7UK5wWyh0bKRfupsUchrQGqvDbZDbKJw+kcRGSmdHVYrv+ltd0pnpDTVpiTqnaBru9iEvA8pz8W46v0Amwg==}
    engines: {node: '>=6.9.0'}

  '@babel/types@7.28.2':
    resolution: {integrity: sha512-ruv7Ae4J5dUYULmeXw1gmb7rYRz57OWCPM57pHojnLq/3Z1CK2lNSLTCVjxVk1F/TZHwOZZrOWi0ur95BbLxNQ==}
    engines: {node: '>=6.9.0'}

  '@discordjs/builders@1.11.3':
    resolution: {integrity: sha512-p3kf5eV49CJiRTfhtutUCeivSyQ/l2JlKodW1ZquRwwvlOWmG9+6jFShX6x8rUiYhnP6wKI96rgN/SXMy5e5aw==}
    engines: {node: '>=16.11.0'}

  '@discordjs/collection@1.5.3':
    resolution: {integrity: sha512-SVb428OMd3WO1paV3rm6tSjM4wC+Kecaa1EUGX7vc6/fddvw/6lg90z4QtCqm21zvVe92vMMDt9+DkIvjXImQQ==}
    engines: {node: '>=16.11.0'}

  '@discordjs/collection@2.1.1':
    resolution: {integrity: sha512-LiSusze9Tc7qF03sLCujF5iZp7K+vRNEDBZ86FT9aQAv3vxMLihUvKvpsCWiQ2DJq1tVckopKm1rxomgNUc9hg==}
    engines: {node: '>=18'}

  '@discordjs/formatters@0.6.1':
    resolution: {integrity: sha512-5cnX+tASiPCqCWtFcFslxBVUaCetB0thvM/JyavhbXInP1HJIEU+Qv/zMrnuwSsX3yWH2lVXNJZeDK3EiP4HHg==}
    engines: {node: '>=16.11.0'}

  '@discordjs/rest@2.5.1':
    resolution: {integrity: sha512-Tg9840IneBcbrAjcGaQzHUJWFNq1MMWZjTdjJ0WS/89IffaNKc++iOvffucPxQTF/gviO9+9r8kEPea1X5J2Dw==}
    engines: {node: '>=18'}

  '@discordjs/util@1.1.1':
    resolution: {integrity: sha512-eddz6UnOBEB1oITPinyrB2Pttej49M9FZQY8NxgEvc3tq6ZICZ19m70RsmzRdDHk80O9NoYN/25AqJl8vPVf/g==}
    engines: {node: '>=18'}

  '@discordjs/ws@1.2.3':
    resolution: {integrity: sha512-wPlQDxEmlDg5IxhJPuxXr3Vy9AjYq5xCvFWGJyD7w7Np8ZGu+Mc+97LCoEc/+AYCo2IDpKioiH0/c/mj5ZR9Uw==}
    engines: {node: '>=16.11.0'}

  '@jridgewell/gen-mapping@0.3.12':
    resolution: {integrity: sha512-OuLGC46TjB5BbN1dH8JULVVZY4WTdkF7tV9Ys6wLL1rubZnCMstOhNHueU5bLCrnRuDhKPDM4g6sw4Bel5Gzqg==}

  '@jridgewell/resolve-uri@3.1.2':
    resolution: {integrity: sha512-bRISgCIjP20/tbWSPWMEi54QVPRZExkuD9lJL+UIxUKtwVJA8wW1Trb1jMs1RFXo1CBTNZ/5hpC9QvmKWdopKw==}
    engines: {node: '>=6.0.0'}

  '@jridgewell/sourcemap-codec@1.5.4':
    resolution: {integrity: sha512-VT2+G1VQs/9oz078bLrYbecdZKs912zQlkelYpuf+SXF+QvZDYJlbx/LSx+meSAwdDFnF8FVXW92AVjjkVmgFw==}

  '@jridgewell/trace-mapping@0.3.29':
    resolution: {integrity: sha512-uw6guiW/gcAGPDhLmd77/6lW8QLeiV5RUTsAX46Db6oLhGaVj4lhnPwb184s1bkc8kdVg/+h988dro8GRDpmYQ==}

  '@sapphire/async-queue@1.5.5':
    resolution: {integrity: sha512-cvGzxbba6sav2zZkH8GPf2oGk9yYoD5qrNWdu9fRehifgnFZJMV+nuy2nON2roRO4yQQ+v7MK/Pktl/HgfsUXg==}
    engines: {node: '>=v14.0.0', npm: '>=7.0.0'}

  '@sapphire/shapeshift@4.0.0':
    resolution: {integrity: sha512-d9dUmWVA7MMiKobL3VpLF8P2aeanRTu6ypG2OIaEv/ZHH/SUQ2iHOVyi5wAPjQ+HmnMuL0whK9ez8I/raWbtIg==}
    engines: {node: '>=v16'}

  '@sapphire/snowflake@3.5.3':
    resolution: {integrity: sha512-jjmJywLAFoWeBi1W7994zZyiNWPIiqRRNAmSERxyg93xRGzNYvGjlZ0gR6x0F4gPRi2+0O6S71kOZYyr3cxaIQ==}
    engines: {node: '>=v14.0.0', npm: '>=7.0.0'}

  '@types/babel__core@7.20.5':
    resolution: {integrity: sha512-qoQprZvz5wQFJwMDqeseRXWv3rqMvhgpbXFfVyWhbx9X47POIA6i/+dXefEmZKoAgOaTdaIgNSMqMIU61yRyzA==}

  '@types/babel__generator@7.27.0':
    resolution: {integrity: sha512-ufFd2Xi92OAVPYsy+P4n7/U7e68fex0+Ee8gSG9KX7eo084CWiQ4sdxktvdl0bOPupXtVJPY19zk6EwWqUQ8lg==}

  '@types/babel__template@7.4.4':
    resolution: {integrity: sha512-h/NUaSyG5EyxBIp8YRxo4RMe2/qQgvyowRwVMzhYhBCONbW8PUsg4lkFMrhgZhUe5z3L3MiLDuvyJ/CaPa2A8A==}

  '@types/babel__traverse@7.28.0':
    resolution: {integrity: sha512-8PvcXf70gTDZBgt9ptxJ8elBeBjcLOAcOtoO/mPJjtji1+CdGbHgm77om1GrsPxsiE+uXIpNSK64UYaIwQXd4Q==}

  '@types/mysql@2.15.27':
    resolution: {integrity: sha512-YfWiV16IY0OeBfBCk8+hXKmdTKrKlwKN1MNKAPBu5JYxLwBEZl7QzeEpGnlZb3VMGJrrGmB84gXiH+ofs/TezA==}

  '@types/node@24.2.1':
    resolution: {integrity: sha512-DRh5K+ka5eJic8CjH7td8QpYEV6Zo10gfRkjHCO3weqZHWDtAaSTFtl4+VMqOJ4N5jcuhZ9/l+yy8rVgw7BQeQ==}

  '@types/ws@8.18.1':
    resolution: {integrity: sha512-ThVF6DCVhA8kUGy+aazFQ4kXQ7E1Ty7A3ypFOe0IcJV8O/M511G99AW24irKrW56Wt44yG9+ij8FaqoBGkuBXg==}

  '@vladfrangu/async_event_emitter@2.4.6':
    resolution: {integrity: sha512-RaI5qZo6D2CVS6sTHFKg1v5Ohq/+Bo2LZ5gzUEwZ/WkHhwtGTCB/sVLw8ijOkAUxasZ+WshN/Rzj4ywsABJ5ZA==}
    engines: {node: '>=v14.0.0', npm: '>=7.0.0'}

  browserslist@4.25.2:
    resolution: {integrity: sha512-0si2SJK3ooGzIawRu61ZdPCO1IncZwS8IzuX73sPZsXW6EQ/w/DAfPyKI8l1ETTCr2MnvqWitmlCUxgdul45jA==}
    engines: {node: ^6 || ^7 || ^8 || ^9 || ^10 || ^11 || ^12 || >=13.7}
    hasBin: true

  caniuse-lite@1.0.30001734:
    resolution: {integrity: sha512-uhE1Ye5vgqju6OI71HTQqcBCZrvHugk0MjLak7Q+HfoBgoq5Bi+5YnwjP4fjDgrtYr/l8MVRBvzz9dPD4KyK0A==}

  convert-source-map@2.0.0:
    resolution: {integrity: sha512-Kvp459HrV2FEJ1CAsi1Ku+MY3kasH19TFykTz2xWmMeq6bk2NU3XXvfJ+Q61m0xktWwt+1HSYf3JZsTms3aRJg==}

  debug@4.4.1:
    resolution: {integrity: sha512-KcKCqiftBJcZr++7ykoDIEwSa3XWowTfNPo92BYxjXiyYEVrUQh2aLyhxBCwww+heortUFxEJYcRzosstTEBYQ==}
    engines: {node: '>=6.0'}
    peerDependencies:
      supports-color: '*'
    peerDependenciesMeta:
      supports-color:
        optional: true

  discord-api-types@0.38.18:
    resolution: {integrity: sha512-ygenySjZKUaBf5JT8BNhZSxLzwpwdp41O0wVroOTu/N2DxFH7dxYTZUSnFJ6v+/2F3BMcnD47PC47u4aLOLxrQ==}

  discord.js@14.21.0:
    resolution: {integrity: sha512-U5w41cEmcnSfwKYlLv5RJjB8Joa+QJyRwIJz5i/eg+v2Qvv6EYpCRhN9I2Rlf0900LuqSDg8edakUATrDZQncQ==}
    engines: {node: '>=18'}

  dotenv@17.2.1:
    resolution: {integrity: sha512-kQhDYKZecqnM0fCnzI5eIv5L4cAe/iRI+HqMbO/hbRdTAeXDG+M9FjipUxNfbARuEg4iHIbhnhs78BCHNbSxEQ==}
    engines: {node: '>=12'}

  electron-to-chromium@1.5.199:
    resolution: {integrity: sha512-3gl0S7zQd88kCAZRO/DnxtBKuhMO4h0EaQIN3YgZfV6+pW+5+bf2AdQeHNESCoaQqo/gjGVYEf2YM4O5HJQqpQ==}

  escalade@3.2.0:
    resolution: {integrity: sha512-WUj2qlxaQtO4g6Pq5c29GTcWGDyd8itL8zTlipgECz3JesAiiOKotd8JU6otB3PACgG6xkJUyVhboMS+bje/jA==}
    engines: {node: '>=6'}

  fast-deep-equal@3.1.3:
    resolution: {integrity: sha512-f3qQ9oQy9j2AhBe/H9VC91wLmKBCCU/gDOnKNAYG5hswO7BLKj09Hc5HYNz9cGI++xlpDCIgDaitVs03ATR84Q==}

  gensync@1.0.0-beta.2:
    resolution: {integrity: sha512-3hN7NaskYvMDLQY55gnW3NQ+mesEAepTqlg+VEbj7zzqEMBVNhzcGYYeqFo/TlYz6eQiFcp1HcsCZO+nGgS8zg==}
    engines: {node: '>=6.9.0'}

  js-tokens@4.0.0:
    resolution: {integrity: sha512-RdJUflcE3cUzKiMqQgsCu06FPu9UdIJO0beYbPhHN4k6apgJtifcoCtT9bcxOpYBtpD2kCM6Sbzg4CausW/PKQ==}

  jsesc@3.1.0:
    resolution: {integrity: sha512-/sM3dO2FOzXjKQhJuo0Q173wf2KOo8t4I8vHy6lF9poUp7bKT0/NHE8fPX23PwfhnykfqnC2xRxOnVw5XuGIaA==}
    engines: {node: '>=6'}
    hasBin: true

  json5@2.2.3:
    resolution: {integrity: sha512-XmOWe7eyHYH14cLdVPoyg+GOH3rYX++KpzrylJwSW98t3Nk+U8XOl8FWKOgwtzdb8lXGf6zYwDUzeHMWfxasyg==}
    engines: {node: '>=6'}
    hasBin: true

  lodash.snakecase@4.1.1:
    resolution: {integrity: sha512-QZ1d4xoBHYUeuouhEq3lk3Uq7ldgyFXGBhg04+oRLnIz8o9T65Eh+8YdroUwn846zchkA9yDsDl5CVVaV2nqYw==}

  lodash@4.17.21:
    resolution: {integrity: sha512-v2kDEe57lecTulaDIuNTPy3Ry4gLGJ6Z1O3vE1krgXZNrsQ+LFTGHVxVjcXPs17LhbZVGedAJv8XZ1tvj5FvSg==}

  lru-cache@5.1.1:
    resolution: {integrity: sha512-KpNARQA3Iwv+jTA0utUVVbrh+Jlrr1Fv0e56GGzAFOXN7dk/FviaDW8LHmK52DlcH4WP2n6gI8vN1aesBFgo9w==}

  magic-bytes.js@1.12.1:
    resolution: {integrity: sha512-ThQLOhN86ZkJ7qemtVRGYM+gRgR8GEXNli9H/PMvpnZsE44Xfh3wx9kGJaldg314v85m+bFW6WBMaVHJc/c3zA==}

  ms@2.1.3:
    resolution: {integrity: sha512-6FlzubTLZG3J2a/NVCAleEhjzq5oxgHyaCU9yYXvcLsvoVaHJq/s5xXI6/XXP6tz7R9xAOtHnSO/tXtF3WRTlA==}

  node-releases@2.0.19:
    resolution: {integrity: sha512-xxOWJsBKtzAq7DY0J+DTzuz58K8e7sJbdgwkbMWQe8UYB6ekmsQ45q0M/tJDsGaZmbC+l7n57UV8Hl5tHxO9uw==}

  picocolors@1.1.1:
    resolution: {integrity: sha512-xceH2snhtb5M9liqDsmEw56le376mTZkEX/jEb/RxNFyegNul7eNslCXP9FDj/Lcu0X8KEyMceP2ntpaHrDEVA==}

  semver@6.3.1:
    resolution: {integrity: sha512-BR7VvDCVHO+q2xBEWskxS6DJE1qRnb7DxzUrogb71CWoSficBxYsiAGd+Kl0mmq/MprG9yArRkyrQxTO6XjMzA==}
    hasBin: true

  ts-mixer@6.0.4:
    resolution: {integrity: sha512-ufKpbmrugz5Aou4wcr5Wc1UUFWOLhq+Fm6qa6P0w0K5Qw2yhaUoiWszhCVuNQyNwrlGiscHOmqYoAox1PtvgjA==}

  tslib@2.8.1:
    resolution: {integrity: sha512-oJFu94HQb+KVduSUQL7wnpmqnfmLsOA/nAh6b6EH0wCEoK0/mPeXU6c3wKDV83MkOuHPRHtSXKKU99IBazS/2w==}

  typescript@5.9.2:
    resolution: {integrity: sha512-CWBzXQrc/qOkhidw1OzBTQuYRbfyxDXJMVJ1XNwUHGROVmuaeiEm3OslpZ1RV96d7SKKjZKrSJu3+t/xlw3R9A==}
    engines: {node: '>=14.17'}
    hasBin: true

  undici-types@7.10.0:
    resolution: {integrity: sha512-t5Fy/nfn+14LuOc2KNYg75vZqClpAiqscVvMygNnlsHBFpSXdJaYtXMcdNLpl/Qvc3P2cB3s6lOV51nqsFq4ag==}

  undici@6.21.3:
    resolution: {integrity: sha512-gBLkYIlEnSp8pFbT64yFgGE6UIB9tAkhukC23PmMDCe5Nd+cRqKxSjw5y54MK2AZMgZfJWMaNE4nYUHgi1XEOw==}
    engines: {node: '>=18.17'}

  unsplash-js@7.0.19:
    resolution: {integrity: sha512-j6qT2floy5Q2g2d939FJpwey1yw/GpQecFiSouyJtsHQPj3oqmqq3K4rI+GF8vU1zwGCT7ZwIGQd2dtCQLjYJw==}
    engines: {node: '>=10'}

  update-browserslist-db@1.1.3:
    resolution: {integrity: sha512-UxhIZQ+QInVdunkDAaiazvvT/+fXL5Osr0JZlJulepYu6Jd7qJtDZjlur0emRlT71EN3ScPoE7gvsuIKKNavKw==}
    hasBin: true
    peerDependencies:
      browserslist: '>= 4.21.0'

  ws@8.18.3:
    resolution: {integrity: sha512-PEIGCY5tSlUt50cqyMXfCzX+oOPqN0vuGqWzbcJ2xvnkzkq46oOpz7dQaTDBdfICb4N14+GARUDw2XV2N4tvzg==}
    engines: {node: '>=10.0.0'}
    peerDependencies:
      bufferutil: ^4.0.1
      utf-8-validate: '>=5.0.2'
    peerDependenciesMeta:
      bufferutil:
        optional: true
      utf-8-validate:
        optional: true

  yallist@3.1.1:
    resolution: {integrity: sha512-a4UGQaWPH59mOXUYnAG2ewncQS4i4F43Tv3JoAM+s2VDAmS9NsK8GpDMLrCHPksFT7h3K6TOoUNn2pb7RoXx4g==}

snapshots:

  '@ampproject/remapping@2.3.0':
    dependencies:
      '@jridgewell/gen-mapping': 0.3.12
      '@jridgewell/trace-mapping': 0.3.29

  '@babel/code-frame@7.27.1':
    dependencies:
      '@babel/helper-validator-identifier': 7.27.1
      js-tokens: 4.0.0
      picocolors: 1.1.1

  '@babel/compat-data@7.28.0': {}

  '@babel/core@7.28.0':
    dependencies:
      '@ampproject/remapping': 2.3.0
      '@babel/code-frame': 7.27.1
      '@babel/generator': 7.28.0
      '@babel/helper-compilation-targets': 7.27.2
      '@babel/helper-module-transforms': 7.27.3(@babel/core@7.28.0)
      '@babel/helpers': 7.28.2
      '@babel/parser': 7.28.0
      '@babel/template': 7.27.2
      '@babel/traverse': 7.28.0
      '@babel/types': 7.28.2
      convert-source-map: 2.0.0
      debug: 4.4.1
      gensync: 1.0.0-beta.2
      json5: 2.2.3
      semver: 6.3.1
    transitivePeerDependencies:
      - supports-color

  '@babel/generator@7.28.0':
    dependencies:
      '@babel/parser': 7.28.0
      '@babel/types': 7.28.2
      '@jridgewell/gen-mapping': 0.3.12
      '@jridgewell/trace-mapping': 0.3.29
      jsesc: 3.1.0

  '@babel/helper-annotate-as-pure@7.27.3':
    dependencies:
      '@babel/types': 7.28.2

  '@babel/helper-compilation-targets@7.27.2':
    dependencies:
      '@babel/compat-data': 7.28.0
      '@babel/helper-validator-option': 7.27.1
      browserslist: 4.25.2
      lru-cache: 5.1.1
      semver: 6.3.1

  '@babel/helper-create-class-features-plugin@7.27.1(@babel/core@7.28.0)':
    dependencies:
      '@babel/core': 7.28.0
      '@babel/helper-annotate-as-pure': 7.27.3
      '@babel/helper-member-expression-to-functions': 7.27.1
      '@babel/helper-optimise-call-expression': 7.27.1
      '@babel/helper-replace-supers': 7.27.1(@babel/core@7.28.0)
      '@babel/helper-skip-transparent-expression-wrappers': 7.27.1
      '@babel/traverse': 7.28.0
      semver: 6.3.1
    transitivePeerDependencies:
      - supports-color

  '@babel/helper-globals@7.28.0': {}

  '@babel/helper-member-expression-to-functions@7.27.1':
    dependencies:
      '@babel/traverse': 7.28.0
      '@babel/types': 7.28.2
    transitivePeerDependencies:
      - supports-color

  '@babel/helper-module-imports@7.27.1':
    dependencies:
      '@babel/traverse': 7.28.0
      '@babel/types': 7.28.2
    transitivePeerDependencies:
      - supports-color

  '@babel/helper-module-transforms@7.27.3(@babel/core@7.28.0)':
    dependencies:
      '@babel/core': 7.28.0
      '@babel/helper-module-imports': 7.27.1
      '@babel/helper-validator-identifier': 7.27.1
      '@babel/traverse': 7.28.0
    transitivePeerDependencies:
      - supports-color

  '@babel/helper-optimise-call-expression@7.27.1':
    dependencies:
      '@babel/types': 7.28.2

  '@babel/helper-plugin-utils@7.27.1': {}

  '@babel/helper-replace-supers@7.27.1(@babel/core@7.28.0)':
    dependencies:
      '@babel/core': 7.28.0
      '@babel/helper-member-expression-to-functions': 7.27.1
      '@babel/helper-optimise-call-expression': 7.27.1
      '@babel/traverse': 7.28.0
    transitivePeerDependencies:
      - supports-color

  '@babel/helper-skip-transparent-expression-wrappers@7.27.1':
    dependencies:
      '@babel/traverse': 7.28.0
      '@babel/types': 7.28.2
    transitivePeerDependencies:
      - supports-color

  '@babel/helper-string-parser@7.27.1': {}

  '@babel/helper-validator-identifier@7.27.1': {}

  '@babel/helper-validator-option@7.27.1': {}

  '@babel/helpers@7.28.2':
    dependencies:
      '@babel/template': 7.27.2
      '@babel/types': 7.28.2

  '@babel/parser@7.28.0':
    dependencies:
      '@babel/types': 7.28.2

  '@babel/plugin-syntax-jsx@7.27.1(@babel/core@7.28.0)':
    dependencies:
      '@babel/core': 7.28.0
      '@babel/helper-plugin-utils': 7.27.1

  '@babel/plugin-syntax-top-level-await@7.14.5(@babel/core@7.28.0)':
    dependencies:
      '@babel/core': 7.28.0
      '@babel/helper-plugin-utils': 7.27.1

  '@babel/plugin-syntax-typescript@7.27.1(@babel/core@7.28.0)':
    dependencies:
      '@babel/core': 7.28.0
      '@babel/helper-plugin-utils': 7.27.1

  '@babel/plugin-transform-modules-commonjs@7.27.1(@babel/core@7.28.0)':
    dependencies:
      '@babel/core': 7.28.0
      '@babel/helper-module-transforms': 7.27.3(@babel/core@7.28.0)
      '@babel/helper-plugin-utils': 7.27.1
    transitivePeerDependencies:
      - supports-color

  '@babel/plugin-transform-typescript@7.28.0(@babel/core@7.28.0)':
    dependencies:
      '@babel/core': 7.28.0
      '@babel/helper-annotate-as-pure': 7.27.3
      '@babel/helper-create-class-features-plugin': 7.27.1(@babel/core@7.28.0)
      '@babel/helper-plugin-utils': 7.27.1
      '@babel/helper-skip-transparent-expression-wrappers': 7.27.1
      '@babel/plugin-syntax-typescript': 7.27.1(@babel/core@7.28.0)
    transitivePeerDependencies:
      - supports-color

  '@babel/preset-typescript@7.27.1(@babel/core@7.28.0)':
    dependencies:
      '@babel/core': 7.28.0
      '@babel/helper-plugin-utils': 7.27.1
      '@babel/helper-validator-option': 7.27.1
      '@babel/plugin-syntax-jsx': 7.27.1(@babel/core@7.28.0)
      '@babel/plugin-transform-modules-commonjs': 7.27.1(@babel/core@7.28.0)
      '@babel/plugin-transform-typescript': 7.28.0(@babel/core@7.28.0)
    transitivePeerDependencies:
      - supports-color

  '@babel/template@7.27.2':
    dependencies:
      '@babel/code-frame': 7.27.1
      '@babel/parser': 7.28.0
      '@babel/types': 7.28.2

  '@babel/traverse@7.28.0':
    dependencies:
      '@babel/code-frame': 7.27.1
      '@babel/generator': 7.28.0
      '@babel/helper-globals': 7.28.0
      '@babel/parser': 7.28.0
      '@babel/template': 7.27.2
      '@babel/types': 7.28.2
      debug: 4.4.1
    transitivePeerDependencies:
      - supports-color

  '@babel/types@7.28.2':
    dependencies:
      '@babel/helper-string-parser': 7.27.1
      '@babel/helper-validator-identifier': 7.27.1

  '@discordjs/builders@1.11.3':
    dependencies:
      '@discordjs/formatters': 0.6.1
      '@discordjs/util': 1.1.1
      '@sapphire/shapeshift': 4.0.0
      discord-api-types: 0.38.18
      fast-deep-equal: 3.1.3
      ts-mixer: 6.0.4
      tslib: 2.8.1

  '@discordjs/collection@1.5.3': {}

  '@discordjs/collection@2.1.1': {}

  '@discordjs/formatters@0.6.1':
    dependencies:
      discord-api-types: 0.38.18

  '@discordjs/rest@2.5.1':
    dependencies:
      '@discordjs/collection': 2.1.1
      '@discordjs/util': 1.1.1
      '@sapphire/async-queue': 1.5.5
      '@sapphire/snowflake': 3.5.3
      '@vladfrangu/async_event_emitter': 2.4.6
      discord-api-types: 0.38.18
      magic-bytes.js: 1.12.1
      tslib: 2.8.1
      undici: 6.21.3

  '@discordjs/util@1.1.1': {}

  '@discordjs/ws@1.2.3':
    dependencies:
      '@discordjs/collection': 2.1.1
      '@discordjs/rest': 2.5.1
      '@discordjs/util': 1.1.1
      '@sapphire/async-queue': 1.5.5
      '@types/ws': 8.18.1
      '@vladfrangu/async_event_emitter': 2.4.6
      discord-api-types: 0.38.18
      tslib: 2.8.1
      ws: 8.18.3
    transitivePeerDependencies:
      - bufferutil
      - utf-8-validate

  '@jridgewell/gen-mapping@0.3.12':
    dependencies:
      '@jridgewell/sourcemap-codec': 1.5.4
      '@jridgewell/trace-mapping': 0.3.29

  '@jridgewell/resolve-uri@3.1.2': {}

  '@jridgewell/sourcemap-codec@1.5.4': {}

  '@jridgewell/trace-mapping@0.3.29':
    dependencies:
      '@jridgewell/resolve-uri': 3.1.2
      '@jridgewell/sourcemap-codec': 1.5.4

  '@sapphire/async-queue@1.5.5': {}

  '@sapphire/shapeshift@4.0.0':
    dependencies:
      fast-deep-equal: 3.1.3
      lodash: 4.17.21

  '@sapphire/snowflake@3.5.3': {}

  '@types/babel__core@7.20.5':
    dependencies:
      '@babel/parser': 7.28.0
      '@babel/types': 7.28.2
      '@types/babel__generator': 7.27.0
      '@types/babel__template': 7.4.4
      '@types/babel__traverse': 7.28.0

  '@types/babel__generator@7.27.0':
    dependencies:
      '@babel/types': 7.28.2

  '@types/babel__template@7.4.4':
    dependencies:
      '@babel/parser': 7.28.0
      '@babel/types': 7.28.2

  '@types/babel__traverse@7.28.0':
    dependencies:
      '@babel/types': 7.28.2

  '@types/mysql@2.15.27':
    dependencies:
      '@types/node': 24.2.1

  '@types/node@24.2.1':
    dependencies:
      undici-types: 7.10.0

  '@types/ws@8.18.1':
    dependencies:
      '@types/node': 24.2.1

  '@vladfrangu/async_event_emitter@2.4.6': {}

  browserslist@4.25.2:
    dependencies:
      caniuse-lite: 1.0.30001734
      electron-to-chromium: 1.5.199
      node-releases: 2.0.19
      update-browserslist-db: 1.1.3(browserslist@4.25.2)

  caniuse-lite@1.0.30001734: {}

  convert-source-map@2.0.0: {}

  debug@4.4.1:
    dependencies:
      ms: 2.1.3

  discord-api-types@0.38.18: {}

  discord.js@14.21.0:
    dependencies:
      '@discordjs/builders': 1.11.3
      '@discordjs/collection': 1.5.3
      '@discordjs/formatters': 0.6.1
      '@discordjs/rest': 2.5.1
      '@discordjs/util': 1.1.1
      '@discordjs/ws': 1.2.3
      '@sapphire/snowflake': 3.5.3
      discord-api-types: 0.38.18
      fast-deep-equal: 3.1.3
      lodash.snakecase: 4.1.1
      magic-bytes.js: 1.12.1
      tslib: 2.8.1
      undici: 6.21.3
    transitivePeerDependencies:
      - bufferutil
      - utf-8-validate

  dotenv@17.2.1: {}

  electron-to-chromium@1.5.199: {}

  escalade@3.2.0: {}

  fast-deep-equal@3.1.3: {}

  gensync@1.0.0-beta.2: {}

  js-tokens@4.0.0: {}

  jsesc@3.1.0: {}

  json5@2.2.3: {}

  lodash.snakecase@4.1.1: {}

  lodash@4.17.21: {}

  lru-cache@5.1.1:
    dependencies:
      yallist: 3.1.1

  magic-bytes.js@1.12.1: {}

  ms@2.1.3: {}

  node-releases@2.0.19: {}

  picocolors@1.1.1: {}

  semver@6.3.1: {}

  ts-mixer@6.0.4: {}

  tslib@2.8.1: {}

  typescript@5.9.2: {}

  undici-types@7.10.0: {}

  undici@6.21.3: {}

  unsplash-js@7.0.19: {}

  update-browserslist-db@1.1.3(browserslist@4.25.2):
    dependencies:
      browserslist: 4.25.2
      escalade: 3.2.0
      picocolors: 1.1.1

  ws@8.18.3: {}

  yallist@3.1.1: {}
